
Microsoft Visual Studio Solution File, Format Version 12.00
# Visual Studio Version 17
VisualStudioVersion = 17.0.31903.59
MinimumVisualStudioVersion = 10.0.40219.1
Project("{FAE04EC0-301F-11D3-BF4B-00C04F79EFBC}") = "TestDemo", "TestDemo\TestDemo.csproj", "{DA35FFD6-3E5E-42A5-9C78-E1F69AD4D0E3}"
EndProject
Project("{FAE04EC0-301F-11D3-BF4B-00C04F79EFBC}") = "TestDemo.Tests", "TestDemo.Tests\TestDemo.Tests.csproj", "{94F06016-20D7-4F3F-9FA4-8BDF6F0C7440}"
EndProject
Global
	GlobalSection(SolutionConfigurationPlatforms) = preSolution
		Debug|Any CPU = Debug|Any CPU
		Release|Any CPU = Release|Any CPU
	EndGlobalSection
	GlobalSection(SolutionProperties) = preSolution
		HideSolutionNode = FALSE
	EndGlobalSection
	GlobalSection(ProjectConfigurationPlatforms) = postSolution
		{DA35FFD6-3E5E-42A5-9C78-E1F69AD4D0E3}.Debug|Any CPU.ActiveCfg = Debug|Any CPU
		{DA35FFD6-3E5E-42A5-9C78-E1F69AD4D0E3}.Debug|Any CPU.Build.0 = Debug|Any CPU
		{DA35FFD6-3E5E-42A5-9C78-E1F69AD4D0E3}.Release|Any CPU.ActiveCfg = Release|Any CPU
		{DA35FFD6-3E5E-42A5-9C78-E1F69AD4D0E3}.Release|Any CPU.Build.0 = Release|Any CPU
		{94F06016-20D7-4F3F-9FA4-8BDF6F0C7440}.Debug|Any CPU.ActiveCfg = Debug|Any CPU
		{94F06016-20D7-4F3F-9FA4-8BDF6F0C7440}.Debug|Any CPU.Build.0 = Debug|Any CPU
		{94F06016-20D7-4F3F-9FA4-8BDF6F0C7440}.Release|Any CPU.ActiveCfg = Release|Any CPU
		{94F06016-20D7-4F3F-9FA4-8BDF6F0C7440}.Release|Any CPU.Build.0 = Release|Any CPU
	EndGlobalSection
EndGlobal
